
Microsoft Visual Studio Solution File, Format Version 12.00
# Visual Studio 2012
Project("{FAE04EC0-301F-11D3-BF4B-00C04F79EFBC}") = "CocoonMicrosite", "CocoonMicrosite\CocoonMicrosite.csproj", "{49C340E1-D50D-47D9-90CF-1A08711BC9CE}"
EndProject
Project("{FAE04EC0-301F-11D3-BF4B-00C04F79EFBC}") = "RESTful Web Service", "C:\Users\Laurie\Dropbox\Tutorials\Web API\RESTful Web Service\RESTful Web Service\RESTful Web Service.csproj", "{F9DD7480-C141-446B-B9F8-DEBB03D61D4E}"
EndProject
Global
	GlobalSection(SolutionConfigurationPlatforms) = preSolution
		Debug|Any CPU = Debug|Any CPU
		Release|Any CPU = Release|Any CPU
	EndGlobalSection
	GlobalSection(ProjectConfigurationPlatforms) = postSolution
		{49C340E1-D50D-47D9-90CF-1A08711BC9CE}.Debug|Any CPU.ActiveCfg = Debug|Any CPU
		{49C340E1-D50D-47D9-90CF-1A08711BC9CE}.Debug|Any CPU.Build.0 = Debug|Any CPU
		{49C340E1-D50D-47D9-90CF-1A08711BC9CE}.Release|Any CPU.ActiveCfg = Release|Any CPU
		{49C340E1-D50D-47D9-90CF-1A08711BC9CE}.Release|Any CPU.Build.0 = Release|Any CPU
		{F9DD7480-C141-446B-B9F8-DEBB03D61D4E}.Debug|Any CPU.ActiveCfg = Debug|Any CPU
		{F9DD7480-C141-446B-B9F8-DEBB03D61D4E}.Release|Any CPU.ActiveCfg = Release|Any CPU
		{F9DD7480-C141-446B-B9F8-DEBB03D61D4E}.Release|Any CPU.Build.0 = Release|Any CPU
	EndGlobalSection
	GlobalSection(SolutionProperties) = preSolution
		HideSolutionNode = FALSE
	EndGlobalSection
EndGlobal
